
Microsoft Visual Studio Solution File, Format Version 12.00
# Visual Studio Version 17
VisualStudioVersion = 17.3.32804.467
MinimumVisualStudioVersion = 10.0.40219.1
Project("{FAE04EC0-301F-11D3-BF4B-00C04F79EFBC}") = "pdc03_module04_0428.Android", "pdc03_module04_0428\pdc03_module04_0428.Android\pdc03_module04_0428.Android.csproj", "{7B7B61B3-2AAF-4FBA-9B14-8498FC18D760}"
EndProject
Project("{FAE04EC0-301F-11D3-BF4B-00C04F79EFBC}") = "pdc03_module04_0428", "pdc03_module04_0428\pdc03_module04_0428\pdc03_module04_0428.csproj", "{1981E637-352D-48BA-99EA-E50CFF133941}"
EndProject
Global
	GlobalSection(SolutionConfigurationPlatforms) = preSolution
		Debug|Any CPU = Debug|Any CPU
		Release|Any CPU = Release|Any CPU
	EndGlobalSection
	GlobalSection(ProjectConfigurationPlatforms) = postSolution
		{7B7B61B3-2AAF-4FBA-9B14-8498FC18D760}.Debug|Any CPU.ActiveCfg = Debug|Any CPU
		{7B7B61B3-2AAF-4FBA-9B14-8498FC18D760}.Debug|Any CPU.Build.0 = Debug|Any CPU
		{7B7B61B3-2AAF-4FBA-9B14-8498FC18D760}.Debug|Any CPU.Deploy.0 = Debug|Any CPU
		{7B7B61B3-2AAF-4FBA-9B14-8498FC18D760}.Release|Any CPU.ActiveCfg = Release|Any CPU
		{7B7B61B3-2AAF-4FBA-9B14-8498FC18D760}.Release|Any CPU.Build.0 = Release|Any CPU
		{7B7B61B3-2AAF-4FBA-9B14-8498FC18D760}.Release|Any CPU.Deploy.0 = Release|Any CPU
		{1981E637-352D-48BA-99EA-E50CFF133941}.Debug|Any CPU.ActiveCfg = Debug|Any CPU
		{1981E637-352D-48BA-99EA-E50CFF133941}.Debug|Any CPU.Build.0 = Debug|Any CPU
		{1981E637-352D-48BA-99EA-E50CFF133941}.Debug|Any CPU.Deploy.0 = Debug|Any CPU
		{1981E637-352D-48BA-99EA-E50CFF133941}.Release|Any CPU.ActiveCfg = Release|Any CPU
		{1981E637-352D-48BA-99EA-E50CFF133941}.Release|Any CPU.Build.0 = Release|Any CPU
		{1981E637-352D-48BA-99EA-E50CFF133941}.Release|Any CPU.Deploy.0 = Release|Any CPU
	EndGlobalSection
	GlobalSection(SolutionProperties) = preSolution
		HideSolutionNode = FALSE
	EndGlobalSection
	GlobalSection(ExtensibilityGlobals) = postSolution
		SolutionGuid = {DD67E39A-FDC2-454D-AD4D-C1D9A1F2DD27}
	EndGlobalSection
EndGlobal
